// !$*UTF8*$!
{
	archiveVersion = 1;
	classes = {
	};
	objectVersion = 56;
	objects = {

/* Begin PBXBuildFile section */
		DB41B199298AC29E0000EC42 /* StartingPlayerOverlay.swift in Sources */ = {isa = PBXBuildFile; fileRef = DB41B198298AC29E0000EC42 /* StartingPlayerOverlay.swift */; };
		DB41B19E298AD7480000EC42 /* TwoPlayerBoard.swift in Sources */ = {isa = PBXBuildFile; fileRef = DB41B19D298AD7480000EC42 /* TwoPlayerBoard.swift */; };
		DB41B1A0298AD7760000EC42 /* ThreePlayerBoard.swift in Sources */ = {isa = PBXBuildFile; fileRef = DB41B19F298AD7760000EC42 /* ThreePlayerBoard.swift */; };
		DB41B1A2298AD8C60000EC42 /* FourPlayerBoard.swift in Sources */ = {isa = PBXBuildFile; fileRef = DB41B1A1298AD8C60000EC42 /* FourPlayerBoard.swift */; };
		DB41B1A4298AD9770000EC42 /* FivePlayerBoard.swift in Sources */ = {isa = PBXBuildFile; fileRef = DB41B1A3298AD9770000EC42 /* FivePlayerBoard.swift */; };
		DB41B1A6298ADA3C0000EC42 /* SixPlayerBoard.swift in Sources */ = {isa = PBXBuildFile; fileRef = DB41B1A5298ADA3C0000EC42 /* SixPlayerBoard.swift */; };
		DB41B1A9298AF4B00000EC42 /* Button.swift in Sources */ = {isa = PBXBuildFile; fileRef = DB41B1A8298AF4B00000EC42 /* Button.swift */; };
		DB8B8F552986E2CB0023A84B /* SpindownApp.swift in Sources */ = {isa = PBXBuildFile; fileRef = DB8B8F542986E2CB0023A84B /* SpindownApp.swift */; };
		DB8B8F572986E2CB0023A84B /* Persistence.swift in Sources */ = {isa = PBXBuildFile; fileRef = DB8B8F562986E2CB0023A84B /* Persistence.swift */; };
		DB8B8F5A2986E2CB0023A84B /* Spindown.xcdatamodeld in Sources */ = {isa = PBXBuildFile; fileRef = DB8B8F582986E2CB0023A84B /* Spindown.xcdatamodeld */; };
		DB8B8F5C2986E2CB0023A84B /* ContentView.swift in Sources */ = {isa = PBXBuildFile; fileRef = DB8B8F5B2986E2CB0023A84B /* ContentView.swift */; };
		DB8B8F5E2986E2CC0023A84B /* Assets.xcassets in Resources */ = {isa = PBXBuildFile; fileRef = DB8B8F5D2986E2CC0023A84B /* Assets.xcassets */; };
		DB8B8F622986E2CC0023A84B /* Preview Assets.xcassets in Resources */ = {isa = PBXBuildFile; fileRef = DB8B8F612986E2CC0023A84B /* Preview Assets.xcassets */; };
		DB8B8F69298766BD0023A84B /* WinnerDialog.swift in Sources */ = {isa = PBXBuildFile; fileRef = DB8B8F68298766BD0023A84B /* WinnerDialog.swift */; };
		DB8B8F6B298766DD0023A84B /* GameBoard.swift in Sources */ = {isa = PBXBuildFile; fileRef = DB8B8F6A298766DD0023A84B /* GameBoard.swift */; };
		DB8B8F6D298767100023A84B /* PlayerTile.swift in Sources */ = {isa = PBXBuildFile; fileRef = DB8B8F6C298767100023A84B /* PlayerTile.swift */; };
		DB8B8F6F298767390023A84B /* Participant.swift in Sources */ = {isa = PBXBuildFile; fileRef = DB8B8F6E298767390023A84B /* Participant.swift */; };
		DB8B8F71298767670023A84B /* FormatSelector.swift in Sources */ = {isa = PBXBuildFile; fileRef = DB8B8F70298767670023A84B /* FormatSelector.swift */; };
		DB8B8F73298767890023A84B /* PlayerSelector.swift in Sources */ = {isa = PBXBuildFile; fileRef = DB8B8F72298767890023A84B /* PlayerSelector.swift */; };
		DB8B8F75298768010023A84B /* MenuOptions.swift in Sources */ = {isa = PBXBuildFile; fileRef = DB8B8F74298768010023A84B /* MenuOptions.swift */; };
/* End PBXBuildFile section */

/* Begin PBXFileReference section */
		DB41B198298AC29E0000EC42 /* StartingPlayerOverlay.swift */ = {isa = PBXFileReference; lastKnownFileType = sourcecode.swift; path = StartingPlayerOverlay.swift; sourceTree = "<group>"; };
		DB41B19D298AD7480000EC42 /* TwoPlayerBoard.swift */ = {isa = PBXFileReference; lastKnownFileType = sourcecode.swift; path = TwoPlayerBoard.swift; sourceTree = "<group>"; };
		DB41B19F298AD7760000EC42 /* ThreePlayerBoard.swift */ = {isa = PBXFileReference; lastKnownFileType = sourcecode.swift; path = ThreePlayerBoard.swift; sourceTree = "<group>"; };
		DB41B1A1298AD8C60000EC42 /* FourPlayerBoard.swift */ = {isa = PBXFileReference; lastKnownFileType = sourcecode.swift; path = FourPlayerBoard.swift; sourceTree = "<group>"; };
		DB41B1A3298AD9770000EC42 /* FivePlayerBoard.swift */ = {isa = PBXFileReference; lastKnownFileType = sourcecode.swift; path = FivePlayerBoard.swift; sourceTree = "<group>"; };
		DB41B1A5298ADA3C0000EC42 /* SixPlayerBoard.swift */ = {isa = PBXFileReference; lastKnownFileType = sourcecode.swift; path = SixPlayerBoard.swift; sourceTree = "<group>"; };
		DB41B1A8298AF4B00000EC42 /* Button.swift */ = {isa = PBXFileReference; lastKnownFileType = sourcecode.swift; path = Button.swift; sourceTree = "<group>"; };
		DB8B8F512986E2CB0023A84B /* Spindown.app */ = {isa = PBXFileReference; explicitFileType = wrapper.application; includeInIndex = 0; path = Spindown.app; sourceTree = BUILT_PRODUCTS_DIR; };
		DB8B8F542986E2CB0023A84B /* SpindownApp.swift */ = {isa = PBXFileReference; lastKnownFileType = sourcecode.swift; path = SpindownApp.swift; sourceTree = "<group>"; };
		DB8B8F562986E2CB0023A84B /* Persistence.swift */ = {isa = PBXFileReference; lastKnownFileType = sourcecode.swift; path = Persistence.swift; sourceTree = "<group>"; };
		DB8B8F592986E2CB0023A84B /* Spindown.xcdatamodel */ = {isa = PBXFileReference; lastKnownFileType = wrapper.xcdatamodel; path = Spindown.xcdatamodel; sourceTree = "<group>"; };
		DB8B8F5B2986E2CB0023A84B /* ContentView.swift */ = {isa = PBXFileReference; lastKnownFileType = sourcecode.swift; path = ContentView.swift; sourceTree = "<group>"; };
		DB8B8F5D2986E2CC0023A84B /* Assets.xcassets */ = {isa = PBXFileReference; lastKnownFileType = folder.assetcatalog; path = Assets.xcassets; sourceTree = "<group>"; };
		DB8B8F5F2986E2CC0023A84B /* Spindown.entitlements */ = {isa = PBXFileReference; lastKnownFileType = text.plist.entitlements; path = Spindown.entitlements; sourceTree = "<group>"; };
		DB8B8F612986E2CC0023A84B /* Preview Assets.xcassets */ = {isa = PBXFileReference; lastKnownFileType = folder.assetcatalog; path = "Preview Assets.xcassets"; sourceTree = "<group>"; };
		DB8B8F68298766BD0023A84B /* WinnerDialog.swift */ = {isa = PBXFileReference; lastKnownFileType = sourcecode.swift; path = WinnerDialog.swift; sourceTree = "<group>"; };
		DB8B8F6A298766DD0023A84B /* GameBoard.swift */ = {isa = PBXFileReference; lastKnownFileType = sourcecode.swift; path = GameBoard.swift; sourceTree = "<group>"; };
		DB8B8F6C298767100023A84B /* PlayerTile.swift */ = {isa = PBXFileReference; lastKnownFileType = sourcecode.swift; path = PlayerTile.swift; sourceTree = "<group>"; };
		DB8B8F6E298767390023A84B /* Participant.swift */ = {isa = PBXFileReference; lastKnownFileType = sourcecode.swift; path = Participant.swift; sourceTree = "<group>"; };
		DB8B8F70298767670023A84B /* FormatSelector.swift */ = {isa = PBXFileReference; lastKnownFileType = sourcecode.swift; path = FormatSelector.swift; sourceTree = "<group>"; };
		DB8B8F72298767890023A84B /* PlayerSelector.swift */ = {isa = PBXFileReference; lastKnownFileType = sourcecode.swift; path = PlayerSelector.swift; sourceTree = "<group>"; };
		DB8B8F74298768010023A84B /* MenuOptions.swift */ = {isa = PBXFileReference; lastKnownFileType = sourcecode.swift; path = MenuOptions.swift; sourceTree = "<group>"; };
/* End PBXFileReference section */

/* Begin PBXFrameworksBuildPhase section */
		DB8B8F4E2986E2CB0023A84B /* Frameworks */ = {
			isa = PBXFrameworksBuildPhase;
			buildActionMask = 2147483647;
			files = (
			);
			runOnlyForDeploymentPostprocessing = 0;
		};
/* End PBXFrameworksBuildPhase section */

/* Begin PBXGroup section */
		DB41B19C298AD7350000EC42 /* GameBoard */ = {
			isa = PBXGroup;
			children = (
				DB41B198298AC29E0000EC42 /* StartingPlayerOverlay.swift */,
				DB8B8F68298766BD0023A84B /* WinnerDialog.swift */,
				DB8B8F6C298767100023A84B /* PlayerTile.swift */,
				DB8B8F6A298766DD0023A84B /* GameBoard.swift */,
				DB41B19D298AD7480000EC42 /* TwoPlayerBoard.swift */,
				DB41B19F298AD7760000EC42 /* ThreePlayerBoard.swift */,
				DB41B1A1298AD8C60000EC42 /* FourPlayerBoard.swift */,
				DB41B1A3298AD9770000EC42 /* FivePlayerBoard.swift */,
				DB41B1A5298ADA3C0000EC42 /* SixPlayerBoard.swift */,
			);
			path = GameBoard;
			sourceTree = "<group>";
		};
		DB41B1A7298AF4A30000EC42 /* Components */ = {
			isa = PBXGroup;
			children = (
				DB41B1A8298AF4B00000EC42 /* Button.swift */,
			);
			path = Components;
			sourceTree = "<group>";
		};
		DB8B8F482986E2CB0023A84B = {
			isa = PBXGroup;
			children = (
				DB8B8F532986E2CB0023A84B /* Spindown */,
				DB8B8F522986E2CB0023A84B /* Products */,
			);
			sourceTree = "<group>";
		};
		DB8B8F522986E2CB0023A84B /* Products */ = {
			isa = PBXGroup;
			children = (
				DB8B8F512986E2CB0023A84B /* Spindown.app */,
			);
			name = Products;
			sourceTree = "<group>";
		};
		DB8B8F532986E2CB0023A84B /* Spindown */ = {
			isa = PBXGroup;
			children = (
				DB41B1A7298AF4A30000EC42 /* Components */,
				DB41B19C298AD7350000EC42 /* GameBoard */,
				DB8B8F542986E2CB0023A84B /* SpindownApp.swift */,
				DB8B8F562986E2CB0023A84B /* Persistence.swift */,
				DB8B8F5B2986E2CB0023A84B /* ContentView.swift */,
				DB8B8F6E298767390023A84B /* Participant.swift */,
				DB8B8F70298767670023A84B /* FormatSelector.swift */,
				DB8B8F72298767890023A84B /* PlayerSelector.swift */,
				DB8B8F74298768010023A84B /* MenuOptions.swift */,
				DB8B8F5D2986E2CC0023A84B /* Assets.xcassets */,
				DB8B8F5F2986E2CC0023A84B /* Spindown.entitlements */,
				DB8B8F582986E2CB0023A84B /* Spindown.xcdatamodeld */,
				DB8B8F602986E2CC0023A84B /* Preview Content */,
			);
			path = Spindown;
			sourceTree = "<group>";
		};
		DB8B8F602986E2CC0023A84B /* Preview Content */ = {
			isa = PBXGroup;
			children = (
				DB8B8F612986E2CC0023A84B /* Preview Assets.xcassets */,
			);
			path = "Preview Content";
			sourceTree = "<group>";
		};
/* End PBXGroup section */

/* Begin PBXNativeTarget section */
		DB8B8F502986E2CB0023A84B /* Spindown */ = {
			isa = PBXNativeTarget;
			buildConfigurationList = DB8B8F652986E2CC0023A84B /* Build configuration list for PBXNativeTarget "Spindown" */;
			buildPhases = (
				DB8B8F4D2986E2CB0023A84B /* Sources */,
				DB8B8F4E2986E2CB0023A84B /* Frameworks */,
				DB8B8F4F2986E2CB0023A84B /* Resources */,
			);
			buildRules = (
			);
			dependencies = (
			);
			name = Spindown;
			productName = Spindown;
			productReference = DB8B8F512986E2CB0023A84B /* Spindown.app */;
			productType = "com.apple.product-type.application";
		};
/* End PBXNativeTarget section */

/* Begin PBXProject section */
		DB8B8F492986E2CB0023A84B /* Project object */ = {
			isa = PBXProject;
			attributes = {
				BuildIndependentTargetsInParallel = 1;
				LastSwiftUpdateCheck = 1420;
				LastUpgradeCheck = 1420;
				TargetAttributes = {
					DB8B8F502986E2CB0023A84B = {
						CreatedOnToolsVersion = 14.2;
					};
				};
			};
			buildConfigurationList = DB8B8F4C2986E2CB0023A84B /* Build configuration list for PBXProject "Spindown" */;
			compatibilityVersion = "Xcode 14.0";
			developmentRegion = en;
			hasScannedForEncodings = 0;
			knownRegions = (
				en,
				Base,
			);
			mainGroup = DB8B8F482986E2CB0023A84B;
			productRefGroup = DB8B8F522986E2CB0023A84B /* Products */;
			projectDirPath = "";
			projectRoot = "";
			targets = (
				DB8B8F502986E2CB0023A84B /* Spindown */,
			);
		};
/* End PBXProject section */

/* Begin PBXResourcesBuildPhase section */
		DB8B8F4F2986E2CB0023A84B /* Resources */ = {
			isa = PBXResourcesBuildPhase;
			buildActionMask = 2147483647;
			files = (
				DB8B8F622986E2CC0023A84B /* Preview Assets.xcassets in Resources */,
				DB8B8F5E2986E2CC0023A84B /* Assets.xcassets in Resources */,
			);
			runOnlyForDeploymentPostprocessing = 0;
		};
/* End PBXResourcesBuildPhase section */

/* Begin PBXSourcesBuildPhase section */
		DB8B8F4D2986E2CB0023A84B /* Sources */ = {
			isa = PBXSourcesBuildPhase;
			buildActionMask = 2147483647;
			files = (
				DB8B8F69298766BD0023A84B /* WinnerDialog.swift in Sources */,
				DB41B1A2298AD8C60000EC42 /* FourPlayerBoard.swift in Sources */,
				DB41B199298AC29E0000EC42 /* StartingPlayerOverlay.swift in Sources */,
				DB41B19E298AD7480000EC42 /* TwoPlayerBoard.swift in Sources */,
				DB8B8F71298767670023A84B /* FormatSelector.swift in Sources */,
				DB41B1A9298AF4B00000EC42 /* Button.swift in Sources */,
				DB41B1A0298AD7760000EC42 /* ThreePlayerBoard.swift in Sources */,
				DB41B1A6298ADA3C0000EC42 /* SixPlayerBoard.swift in Sources */,
				DB8B8F552986E2CB0023A84B /* SpindownApp.swift in Sources */,
				DB8B8F73298767890023A84B /* PlayerSelector.swift in Sources */,
				DB41B1A4298AD9770000EC42 /* FivePlayerBoard.swift in Sources */,
				DB8B8F6D298767100023A84B /* PlayerTile.swift in Sources */,
				DB8B8F6F298767390023A84B /* Participant.swift in Sources */,
				DB8B8F5A2986E2CB0023A84B /* Spindown.xcdatamodeld in Sources */,
				DB8B8F5C2986E2CB0023A84B /* ContentView.swift in Sources */,
				DB8B8F6B298766DD0023A84B /* GameBoard.swift in Sources */,
				DB8B8F75298768010023A84B /* MenuOptions.swift in Sources */,
				DB8B8F572986E2CB0023A84B /* Persistence.swift in Sources */,
			);
			runOnlyForDeploymentPostprocessing = 0;
		};
/* End PBXSourcesBuildPhase section */

/* Begin XCBuildConfiguration section */
		DB8B8F632986E2CC0023A84B /* Debug */ = {
			isa = XCBuildConfiguration;
			buildSettings = {
				ALWAYS_SEARCH_USER_PATHS = NO;
				CLANG_ANALYZER_NONNULL = YES;
				CLANG_ANALYZER_NUMBER_OBJECT_CONVERSION = YES_AGGRESSIVE;
				CLANG_CXX_LANGUAGE_STANDARD = "gnu++20";
				CLANG_ENABLE_MODULES = YES;
				CLANG_ENABLE_OBJC_ARC = YES;
				CLANG_ENABLE_OBJC_WEAK = YES;
				CLANG_WARN_BLOCK_CAPTURE_AUTORELEASING = YES;
				CLANG_WARN_BOOL_CONVERSION = YES;
				CLANG_WARN_COMMA = YES;
				CLANG_WARN_CONSTANT_CONVERSION = YES;
				CLANG_WARN_DEPRECATED_OBJC_IMPLEMENTATIONS = YES;
				CLANG_WARN_DIRECT_OBJC_ISA_USAGE = YES_ERROR;
				CLANG_WARN_DOCUMENTATION_COMMENTS = YES;
				CLANG_WARN_EMPTY_BODY = YES;
				CLANG_WARN_ENUM_CONVERSION = YES;
				CLANG_WARN_INFINITE_RECURSION = YES;
				CLANG_WARN_INT_CONVERSION = YES;
				CLANG_WARN_NON_LITERAL_NULL_CONVERSION = YES;
				CLANG_WARN_OBJC_IMPLICIT_RETAIN_SELF = YES;
				CLANG_WARN_OBJC_LITERAL_CONVERSION = YES;
				CLANG_WARN_OBJC_ROOT_CLASS = YES_ERROR;
				CLANG_WARN_QUOTED_INCLUDE_IN_FRAMEWORK_HEADER = YES;
				CLANG_WARN_RANGE_LOOP_ANALYSIS = YES;
				CLANG_WARN_STRICT_PROTOTYPES = YES;
				CLANG_WARN_SUSPICIOUS_MOVE = YES;
				CLANG_WARN_UNGUARDED_AVAILABILITY = YES_AGGRESSIVE;
				CLANG_WARN_UNREACHABLE_CODE = YES;
				CLANG_WARN__DUPLICATE_METHOD_MATCH = YES;
				COPY_PHASE_STRIP = NO;
				DEBUG_INFORMATION_FORMAT = dwarf;
				ENABLE_STRICT_OBJC_MSGSEND = YES;
				ENABLE_TESTABILITY = YES;
				GCC_C_LANGUAGE_STANDARD = gnu11;
				GCC_DYNAMIC_NO_PIC = NO;
				GCC_NO_COMMON_BLOCKS = YES;
				GCC_OPTIMIZATION_LEVEL = 0;
				GCC_PREPROCESSOR_DEFINITIONS = (
					"DEBUG=1",
					"$(inherited)",
				);
				GCC_WARN_64_TO_32_BIT_CONVERSION = YES;
				GCC_WARN_ABOUT_RETURN_TYPE = YES_ERROR;
				GCC_WARN_UNDECLARED_SELECTOR = YES;
				GCC_WARN_UNINITIALIZED_AUTOS = YES_AGGRESSIVE;
				GCC_WARN_UNUSED_FUNCTION = YES;
				GCC_WARN_UNUSED_VARIABLE = YES;
				MTL_ENABLE_DEBUG_INFO = INCLUDE_SOURCE;
				MTL_FAST_MATH = YES;
				ONLY_ACTIVE_ARCH = YES;
				SWIFT_ACTIVE_COMPILATION_CONDITIONS = DEBUG;
				SWIFT_OPTIMIZATION_LEVEL = "-Onone";
			};
			name = Debug;
		};
		DB8B8F642986E2CC0023A84B /* Release */ = {
			isa = XCBuildConfiguration;
			buildSettings = {
				ALWAYS_SEARCH_USER_PATHS = NO;
				CLANG_ANALYZER_NONNULL = YES;
				CLANG_ANALYZER_NUMBER_OBJECT_CONVERSION = YES_AGGRESSIVE;
				CLANG_CXX_LANGUAGE_STANDARD = "gnu++20";
				CLANG_ENABLE_MODULES = YES;
				CLANG_ENABLE_OBJC_ARC = YES;
				CLANG_ENABLE_OBJC_WEAK = YES;
				CLANG_WARN_BLOCK_CAPTURE_AUTORELEASING = YES;
				CLANG_WARN_BOOL_CONVERSION = YES;
				CLANG_WARN_COMMA = YES;
				CLANG_WARN_CONSTANT_CONVERSION = YES;
				CLANG_WARN_DEPRECATED_OBJC_IMPLEMENTATIONS = YES;
				CLANG_WARN_DIRECT_OBJC_ISA_USAGE = YES_ERROR;
				CLANG_WARN_DOCUMENTATION_COMMENTS = YES;
				CLANG_WARN_EMPTY_BODY = YES;
				CLANG_WARN_ENUM_CONVERSION = YES;
				CLANG_WARN_INFINITE_RECURSION = YES;
				CLANG_WARN_INT_CONVERSION = YES;
				CLANG_WARN_NON_LITERAL_NULL_CONVERSION = YES;
				CLANG_WARN_OBJC_IMPLICIT_RETAIN_SELF = YES;
				CLANG_WARN_OBJC_LITERAL_CONVERSION = YES;
				CLANG_WARN_OBJC_ROOT_CLASS = YES_ERROR;
				CLANG_WARN_QUOTED_INCLUDE_IN_FRAMEWORK_HEADER = YES;
				CLANG_WARN_RANGE_LOOP_ANALYSIS = YES;
				CLANG_WARN_STRICT_PROTOTYPES = YES;
				CLANG_WARN_SUSPICIOUS_MOVE = YES;
				CLANG_WARN_UNGUARDED_AVAILABILITY = YES_AGGRESSIVE;
				CLANG_WARN_UNREACHABLE_CODE = YES;
				CLANG_WARN__DUPLICATE_METHOD_MATCH = YES;
				COPY_PHASE_STRIP = NO;
				DEBUG_INFORMATION_FORMAT = "dwarf-with-dsym";
				ENABLE_NS_ASSERTIONS = NO;
				ENABLE_STRICT_OBJC_MSGSEND = YES;
				GCC_C_LANGUAGE_STANDARD = gnu11;
				GCC_NO_COMMON_BLOCKS = YES;
				GCC_WARN_64_TO_32_BIT_CONVERSION = YES;
				GCC_WARN_ABOUT_RETURN_TYPE = YES_ERROR;
				GCC_WARN_UNDECLARED_SELECTOR = YES;
				GCC_WARN_UNINITIALIZED_AUTOS = YES_AGGRESSIVE;
				GCC_WARN_UNUSED_FUNCTION = YES;
				GCC_WARN_UNUSED_VARIABLE = YES;
				MTL_ENABLE_DEBUG_INFO = NO;
				MTL_FAST_MATH = YES;
				SWIFT_COMPILATION_MODE = wholemodule;
				SWIFT_OPTIMIZATION_LEVEL = "-O";
			};
			name = Release;
		};
		DB8B8F662986E2CC0023A84B /* Debug */ = {
			isa = XCBuildConfiguration;
			buildSettings = {
				ASSETCATALOG_COMPILER_APPICON_NAME = AppIcon;
				ASSETCATALOG_COMPILER_GLOBAL_ACCENT_COLOR_NAME = AccentColor;
				CODE_SIGN_ENTITLEMENTS = Spindown/Spindown.entitlements;
				CODE_SIGN_STYLE = Automatic;
				CURRENT_PROJECT_VERSION = 1;
				DEVELOPMENT_ASSET_PATHS = "\"Spindown/Preview Content\"";
				DEVELOPMENT_TEAM = 78FCYG6ZD9;
				ENABLE_HARDENED_RUNTIME = YES;
				ENABLE_PREVIEWS = YES;
				GENERATE_INFOPLIST_FILE = YES;
				"INFOPLIST_KEY_UIApplicationSceneManifest_Generation[sdk=iphoneos*]" = YES;
				"INFOPLIST_KEY_UIApplicationSceneManifest_Generation[sdk=iphonesimulator*]" = YES;
				"INFOPLIST_KEY_UIApplicationSupportsIndirectInputEvents[sdk=iphoneos*]" = YES;
				"INFOPLIST_KEY_UIApplicationSupportsIndirectInputEvents[sdk=iphonesimulator*]" = YES;
				"INFOPLIST_KEY_UILaunchScreen_Generation[sdk=iphoneos*]" = YES;
				"INFOPLIST_KEY_UILaunchScreen_Generation[sdk=iphonesimulator*]" = YES;
				"INFOPLIST_KEY_UIStatusBarStyle[sdk=iphoneos*]" = UIStatusBarStyleDefault;
				"INFOPLIST_KEY_UIStatusBarStyle[sdk=iphonesimulator*]" = UIStatusBarStyleDefault;
				INFOPLIST_KEY_UISupportedInterfaceOrientations_iPad = "UIInterfaceOrientationPortrait UIInterfaceOrientationPortraitUpsideDown UIInterfaceOrientationLandscapeLeft UIInterfaceOrientationLandscapeRight";
				INFOPLIST_KEY_UISupportedInterfaceOrientations_iPhone = "UIInterfaceOrientationPortrait UIInterfaceOrientationLandscapeLeft UIInterfaceOrientationLandscapeRight";
				IPHONEOS_DEPLOYMENT_TARGET = 15.0;
				LD_RUNPATH_SEARCH_PATHS = "@executable_path/Frameworks";
				"LD_RUNPATH_SEARCH_PATHS[sdk=macosx*]" = "@executable_path/../Frameworks";
				MACOSX_DEPLOYMENT_TARGET = 13.1;
				MARKETING_VERSION = 1.0;
				PRODUCT_BUNDLE_IDENTIFIER = "Haptic-Software-LLC.Spindown";
				PRODUCT_NAME = "$(TARGET_NAME)";
				SDKROOT = auto;
				SUPPORTED_PLATFORMS = "iphoneos iphonesimulator macosx";
				SWIFT_EMIT_LOC_STRINGS = YES;
				SWIFT_VERSION = 5.0;
				TARGETED_DEVICE_FAMILY = "1,2";
			};
			name = Debug;
		};
		DB8B8F672986E2CC0023A84B /* Release */ = {
			isa = XCBuildConfiguration;
			buildSettings = {
				ASSETCATALOG_COMPILER_APPICON_NAME = AppIcon;
				ASSETCATALOG_COMPILER_GLOBAL_ACCENT_COLOR_NAME = AccentColor;
				CODE_SIGN_ENTITLEMENTS = Spindown/Spindown.entitlements;
				CODE_SIGN_STYLE = Automatic;
				CURRENT_PROJECT_VERSION = 1;
				DEVELOPMENT_ASSET_PATHS = "\"Spindown/Preview Content\"";
				DEVELOPMENT_TEAM = 78FCYG6ZD9;
				ENABLE_HARDENED_RUNTIME = YES;
				ENABLE_PREVIEWS = YES;
				GENERATE_INFOPLIST_FILE = YES;
				"INFOPLIST_KEY_UIApplicationSceneManifest_Generation[sdk=iphoneos*]" = YES;
				"INFOPLIST_KEY_UIApplicationSceneManifest_Generation[sdk=iphonesimulator*]" = YES;
				"INFOPLIST_KEY_UIApplicationSupportsIndirectInputEvents[sdk=iphoneos*]" = YES;
				"INFOPLIST_KEY_UIApplicationSupportsIndirectInputEvents[sdk=iphonesimulator*]" = YES;
				"INFOPLIST_KEY_UILaunchScreen_Generation[sdk=iphoneos*]" = YES;
				"INFOPLIST_KEY_UILaunchScreen_Generation[sdk=iphonesimulator*]" = YES;
				"INFOPLIST_KEY_UIStatusBarStyle[sdk=iphoneos*]" = UIStatusBarStyleDefault;
				"INFOPLIST_KEY_UIStatusBarStyle[sdk=iphonesimulator*]" = UIStatusBarStyleDefault;
				INFOPLIST_KEY_UISupportedInterfaceOrientations_iPad = "UIInterfaceOrientationPortrait UIInterfaceOrientationPortraitUpsideDown UIInterfaceOrientationLandscapeLeft UIInterfaceOrientationLandscapeRight";
				INFOPLIST_KEY_UISupportedInterfaceOrientations_iPhone = "UIInterfaceOrientationPortrait UIInterfaceOrientationLandscapeLeft UIInterfaceOrientationLandscapeRight";
				IPHONEOS_DEPLOYMENT_TARGET = 15.0;
				LD_RUNPATH_SEARCH_PATHS = "@executable_path/Frameworks";
				"LD_RUNPATH_SEARCH_PATHS[sdk=macosx*]" = "@executable_path/../Frameworks";
				MACOSX_DEPLOYMENT_TARGET = 13.1;
				MARKETING_VERSION = 1.0;
				PRODUCT_BUNDLE_IDENTIFIER = "Haptic-Software-LLC.Spindown";
				PRODUCT_NAME = "$(TARGET_NAME)";
				SDKROOT = auto;
				SUPPORTED_PLATFORMS = "iphoneos iphonesimulator macosx";
				SWIFT_EMIT_LOC_STRINGS = YES;
				SWIFT_VERSION = 5.0;
				TARGETED_DEVICE_FAMILY = "1,2";
			};
			name = Release;
		};
/* End XCBuildConfiguration section */

/* Begin XCConfigurationList section */
		DB8B8F4C2986E2CB0023A84B /* Build configuration list for PBXProject "Spindown" */ = {
			isa = XCConfigurationList;
			buildConfigurations = (
				DB8B8F632986E2CC0023A84B /* Debug */,
				DB8B8F642986E2CC0023A84B /* Release */,
			);
			defaultConfigurationIsVisible = 0;
			defaultConfigurationName = Release;
		};
		DB8B8F652986E2CC0023A84B /* Build configuration list for PBXNativeTarget "Spindown" */ = {
			isa = XCConfigurationList;
			buildConfigurations = (
				DB8B8F662986E2CC0023A84B /* Debug */,
				DB8B8F672986E2CC0023A84B /* Release */,
			);
			defaultConfigurationIsVisible = 0;
			defaultConfigurationName = Release;
		};
/* End XCConfigurationList section */

/* Begin XCVersionGroup section */
		DB8B8F582986E2CB0023A84B /* Spindown.xcdatamodeld */ = {
			isa = XCVersionGroup;
			children = (
				DB8B8F592986E2CB0023A84B /* Spindown.xcdatamodel */,
			);
			currentVersion = DB8B8F592986E2CB0023A84B /* Spindown.xcdatamodel */;
			path = Spindown.xcdatamodeld;
			sourceTree = "<group>";
			versionGroupType = wrapper.xcdatamodel;
		};
/* End XCVersionGroup section */
	};
	rootObject = DB8B8F492986E2CB0023A84B /* Project object */;
}
