// !$*UTF8*$!
{
	archiveVersion = 1;
	classes = {
	};
	objectVersion = 56;
	objects = {

/* Begin PBXBuildFile section */
		DB1D39FC298D60D400A741DC /* RulesSheet.swift in Sources */ = {isa = PBXBuildFile; fileRef = DB1D39FB298D60D400A741DC /* RulesSheet.swift */; };
		DB1D3A072991566400A741DC /* PlayerList.swift in Sources */ = {isa = PBXBuildFile; fileRef = DB1D3A062991566400A741DC /* PlayerList.swift */; };
		DB1D3A092991572300A741DC /* SavedPlayers.swift in Sources */ = {isa = PBXBuildFile; fileRef = DB1D3A082991572300A741DC /* SavedPlayers.swift */; };
		DB1D3A0E29915F9900A741DC /* LifeTotalCalculatorDialog.swift in Sources */ = {isa = PBXBuildFile; fileRef = DB1D3A0D29915F9900A741DC /* LifeTotalCalculatorDialog.swift */; };
		DB22346529A8016A006316CE /* 700.json in Resources */ = {isa = PBXBuildFile; fileRef = DB22346429A8016A006316CE /* 700.json */; };
		DB22346729A8024A006316CE /* Rule.swift in Sources */ = {isa = PBXBuildFile; fileRef = DB22346629A8024A006316CE /* Rule.swift */; };
		DB2960B529A7D7D800852A5F /* 100.json in Resources */ = {isa = PBXBuildFile; fileRef = DB2960B429A7D7D800852A5F /* 100.json */; };
		DB2960B729A7D84200852A5F /* 200.json in Resources */ = {isa = PBXBuildFile; fileRef = DB2960B629A7D84200852A5F /* 200.json */; };
		DB2960B929A7D84B00852A5F /* 300.json in Resources */ = {isa = PBXBuildFile; fileRef = DB2960B829A7D84B00852A5F /* 300.json */; };
		DB2960BB29A7D85200852A5F /* 400.json in Resources */ = {isa = PBXBuildFile; fileRef = DB2960BA29A7D85200852A5F /* 400.json */; };
		DB2960BD29A7D85C00852A5F /* 500.json in Resources */ = {isa = PBXBuildFile; fileRef = DB2960BC29A7D85C00852A5F /* 500.json */; };
		DB2960BF29A7D86B00852A5F /* 600.json in Resources */ = {isa = PBXBuildFile; fileRef = DB2960BE29A7D86B00852A5F /* 600.json */; };
		DB2960C529A7D9CD00852A5F /* 800.json in Resources */ = {isa = PBXBuildFile; fileRef = DB2960C429A7D9CD00852A5F /* 800.json */; };
		DB2960C729A7D9D800852A5F /* 900.json in Resources */ = {isa = PBXBuildFile; fileRef = DB2960C629A7D9D800852A5F /* 900.json */; };
		DB38DDB229A92BCC000D8796 /* Terms.md in Resources */ = {isa = PBXBuildFile; fileRef = DB69EC81299D1D4D00D4EB3F /* Terms.md */; };
		DB38DDB329A92BD5000D8796 /* Privacy.md in Resources */ = {isa = PBXBuildFile; fileRef = DB69EC82299D1D9E00D4EB3F /* Privacy.md */; };
		DB38DDB529A95225000D8796 /* DialogPlacement.swift in Sources */ = {isa = PBXBuildFile; fileRef = DB38DDB429A95225000D8796 /* DialogPlacement.swift */; };
		DB41B199298AC29E0000EC42 /* StartingPlayerDialog.swift in Sources */ = {isa = PBXBuildFile; fileRef = DB41B198298AC29E0000EC42 /* StartingPlayerDialog.swift */; };
		DB41B19E298AD7480000EC42 /* TwoPlayerBoard.swift in Sources */ = {isa = PBXBuildFile; fileRef = DB41B19D298AD7480000EC42 /* TwoPlayerBoard.swift */; };
		DB41B1A0298AD7760000EC42 /* ThreePlayerBoard.swift in Sources */ = {isa = PBXBuildFile; fileRef = DB41B19F298AD7760000EC42 /* ThreePlayerBoard.swift */; };
		DB41B1A2298AD8C60000EC42 /* FourPlayerBoard.swift in Sources */ = {isa = PBXBuildFile; fileRef = DB41B1A1298AD8C60000EC42 /* FourPlayerBoard.swift */; };
		DB41B1A4298AD9770000EC42 /* FivePlayerBoard.swift in Sources */ = {isa = PBXBuildFile; fileRef = DB41B1A3298AD9770000EC42 /* FivePlayerBoard.swift */; };
		DB41B1A6298ADA3C0000EC42 /* SixPlayerBoard.swift in Sources */ = {isa = PBXBuildFile; fileRef = DB41B1A5298ADA3C0000EC42 /* SixPlayerBoard.swift */; };
		DB41B1A9298AF4B00000EC42 /* UIButton.swift in Sources */ = {isa = PBXBuildFile; fileRef = DB41B1A8298AF4B00000EC42 /* UIButton.swift */; };
		DB41B1AB298BF3970000EC42 /* SplashScreen.swift in Sources */ = {isa = PBXBuildFile; fileRef = DB41B1AA298BF3970000EC42 /* SplashScreen.swift */; };
		DB41B1B2298C07CF0000EC42 /* Dialog.swift in Sources */ = {isa = PBXBuildFile; fileRef = DB41B1B1298C07CF0000EC42 /* Dialog.swift */; };
		DB41B1B4298C18D00000EC42 /* SettingsDialog.swift in Sources */ = {isa = PBXBuildFile; fileRef = DB41B1B3298C18D00000EC42 /* SettingsDialog.swift */; };
		DB69EC88299D7D6B00D4EB3F /* AppSettings.swift in Sources */ = {isa = PBXBuildFile; fileRef = DB69EC87299D7D6B00D4EB3F /* AppSettings.swift */; };
		DB69EC8A29A7087500D4EB3F /* DiceRoll.swift in Sources */ = {isa = PBXBuildFile; fileRef = DB69EC8929A7087500D4EB3F /* DiceRoll.swift */; };
		DB69EC8C29A7088300D4EB3F /* Players.swift in Sources */ = {isa = PBXBuildFile; fileRef = DB69EC8B29A7088300D4EB3F /* Players.swift */; };
		DB8A3252298CB2DF00FB7658 /* ChangeLayout.swift in Sources */ = {isa = PBXBuildFile; fileRef = DB8A3251298CB2DF00FB7658 /* ChangeLayout.swift */; };
		DB8B8F552986E2CB0023A84B /* SpindownApp.swift in Sources */ = {isa = PBXBuildFile; fileRef = DB8B8F542986E2CB0023A84B /* SpindownApp.swift */; };
		DB8B8F572986E2CB0023A84B /* Persistence.swift in Sources */ = {isa = PBXBuildFile; fileRef = DB8B8F562986E2CB0023A84B /* Persistence.swift */; };
		DB8B8F5A2986E2CB0023A84B /* Spindown.xcdatamodeld in Sources */ = {isa = PBXBuildFile; fileRef = DB8B8F582986E2CB0023A84B /* Spindown.xcdatamodeld */; };
		DB8B8F5C2986E2CB0023A84B /* ContentView.swift in Sources */ = {isa = PBXBuildFile; fileRef = DB8B8F5B2986E2CB0023A84B /* ContentView.swift */; };
		DB8B8F5E2986E2CC0023A84B /* Assets.xcassets in Resources */ = {isa = PBXBuildFile; fileRef = DB8B8F5D2986E2CC0023A84B /* Assets.xcassets */; };
		DB8B8F622986E2CC0023A84B /* Preview Assets.xcassets in Resources */ = {isa = PBXBuildFile; fileRef = DB8B8F612986E2CC0023A84B /* Preview Assets.xcassets */; };
		DB8B8F69298766BD0023A84B /* GameOverDialog.swift in Sources */ = {isa = PBXBuildFile; fileRef = DB8B8F68298766BD0023A84B /* GameOverDialog.swift */; };
		DB8B8F6B298766DD0023A84B /* GameBoard.swift in Sources */ = {isa = PBXBuildFile; fileRef = DB8B8F6A298766DD0023A84B /* GameBoard.swift */; };
		DB8B8F6D298767100023A84B /* PlayerTile.swift in Sources */ = {isa = PBXBuildFile; fileRef = DB8B8F6C298767100023A84B /* PlayerTile.swift */; };
		DB8B8F6F298767390023A84B /* Participant.swift in Sources */ = {isa = PBXBuildFile; fileRef = DB8B8F6E298767390023A84B /* Participant.swift */; };
		DB8B8F71298767670023A84B /* StartingLifeTotal.swift in Sources */ = {isa = PBXBuildFile; fileRef = DB8B8F70298767670023A84B /* StartingLifeTotal.swift */; };
		DB8B8F73298767890023A84B /* PlayerCount.swift in Sources */ = {isa = PBXBuildFile; fileRef = DB8B8F72298767890023A84B /* PlayerCount.swift */; };
		DBB64A3629B281C900438AAE /* OutOfTimeDialog.swift in Sources */ = {isa = PBXBuildFile; fileRef = DBB64A3529B281C900438AAE /* OutOfTimeDialog.swift */; };
		DBB64A3829B2853B00438AAE /* LaunchScreen.storyboard in Resources */ = {isa = PBXBuildFile; fileRef = DBB64A3729B2853B00438AAE /* LaunchScreen.storyboard */; };
		DBB64A3A29B2866300438AAE /* Timer.swift in Sources */ = {isa = PBXBuildFile; fileRef = DBB64A3929B2866300438AAE /* Timer.swift */; };
		DBE49FA429AB9260008B0648 /* Spinner.swift in Sources */ = {isa = PBXBuildFile; fileRef = DBE49FA329AB9260008B0648 /* Spinner.swift */; };
		DBE49FA629ACF597008B0648 /* StyledTextField.swift in Sources */ = {isa = PBXBuildFile; fileRef = DBE49FA529ACF597008B0648 /* StyledTextField.swift */; };
		DBE49FAA29AD83FC008B0648 /* OnboardingBackButton.swift in Sources */ = {isa = PBXBuildFile; fileRef = DBE49FA929AD83FC008B0648 /* OnboardingBackButton.swift */; };
		DBE49FAC29AD847B008B0648 /* UIButtonOutlined.swift in Sources */ = {isa = PBXBuildFile; fileRef = DBE49FAB29AD847B008B0648 /* UIButtonOutlined.swift */; };
		DBE49FAE29AD8499008B0648 /* UIButtonStacked.swift in Sources */ = {isa = PBXBuildFile; fileRef = DBE49FAD29AD8499008B0648 /* UIButtonStacked.swift */; };
		DBE49FB029AD84B0008B0648 /* UIButtonTile.swift in Sources */ = {isa = PBXBuildFile; fileRef = DBE49FAF29AD84B0008B0648 /* UIButtonTile.swift */; };
		DBE49FB629AD8531008B0648 /* FocusField.swift in Sources */ = {isa = PBXBuildFile; fileRef = DBE49FB529AD8531008B0648 /* FocusField.swift */; };
		DBE49FB829AD8565008B0648 /* PlayerCustomizationContext.swift in Sources */ = {isa = PBXBuildFile; fileRef = DBE49FB729AD8565008B0648 /* PlayerCustomizationContext.swift */; };
		DBE49FBA29AD8585008B0648 /* PlayerCustomizationDialog.swift in Sources */ = {isa = PBXBuildFile; fileRef = DBE49FB929AD8585008B0648 /* PlayerCustomizationDialog.swift */; };
		DBE49FBC29AD85BD008B0648 /* TileOrientation.swift in Sources */ = {isa = PBXBuildFile; fileRef = DBE49FBB29AD85BD008B0648 /* TileOrientation.swift */; };
		DBE49FBE29AD85DC008B0648 /* Counter.swift in Sources */ = {isa = PBXBuildFile; fileRef = DBE49FBD29AD85DC008B0648 /* Counter.swift */; };
		DBE49FC029AD861F008B0648 /* PlayerTileControls.swift in Sources */ = {isa = PBXBuildFile; fileRef = DBE49FBF29AD861F008B0648 /* PlayerTileControls.swift */; };
		DBE49FC229AD87A5008B0648 /* PlayerTileData.swift in Sources */ = {isa = PBXBuildFile; fileRef = DBE49FC129AD87A5008B0648 /* PlayerTileData.swift */; };
		DBE49FC429AD8A0D008B0648 /* RuleContext.swift in Sources */ = {isa = PBXBuildFile; fileRef = DBE49FC329AD8A0D008B0648 /* RuleContext.swift */; };
		DBE49FC629AD8A3E008B0648 /* SearchDialog.swift in Sources */ = {isa = PBXBuildFile; fileRef = DBE49FC529AD8A3E008B0648 /* SearchDialog.swift */; };
		DBF130692996AAE100B9E19A /* GameTimer.swift in Sources */ = {isa = PBXBuildFile; fileRef = DBF130682996AAE100B9E19A /* GameTimer.swift */; };
		DBF1306B299BE04100B9E19A /* SubscriptionDialog.swift in Sources */ = {isa = PBXBuildFile; fileRef = DBF1306A299BE04100B9E19A /* SubscriptionDialog.swift */; };
		DBF1306D299BE19100B9E19A /* Store.swift in Sources */ = {isa = PBXBuildFile; fileRef = DBF1306C299BE19100B9E19A /* Store.swift */; };
		DBF1306F299BE1F100B9E19A /* Error.swift in Sources */ = {isa = PBXBuildFile; fileRef = DBF1306E299BE1F100B9E19A /* Error.swift */; };
/* End PBXBuildFile section */

/* Begin PBXFileReference section */
		DB1D39FB298D60D400A741DC /* RulesSheet.swift */ = {isa = PBXFileReference; lastKnownFileType = sourcecode.swift; path = RulesSheet.swift; sourceTree = "<group>"; };
		DB1D3A062991566400A741DC /* PlayerList.swift */ = {isa = PBXFileReference; lastKnownFileType = sourcecode.swift; path = PlayerList.swift; sourceTree = "<group>"; };
		DB1D3A082991572300A741DC /* SavedPlayers.swift */ = {isa = PBXFileReference; lastKnownFileType = sourcecode.swift; path = SavedPlayers.swift; sourceTree = "<group>"; };
		DB1D3A0D29915F9900A741DC /* LifeTotalCalculatorDialog.swift */ = {isa = PBXFileReference; lastKnownFileType = sourcecode.swift; path = LifeTotalCalculatorDialog.swift; sourceTree = "<group>"; };
		DB1F08F0299C1C6100A057CC /* Info.plist */ = {isa = PBXFileReference; lastKnownFileType = text.plist.xml; path = Info.plist; sourceTree = "<group>"; };
		DB22346429A8016A006316CE /* 700.json */ = {isa = PBXFileReference; lastKnownFileType = text.json; path = 700.json; sourceTree = "<group>"; };
		DB22346629A8024A006316CE /* Rule.swift */ = {isa = PBXFileReference; lastKnownFileType = sourcecode.swift; path = Rule.swift; sourceTree = "<group>"; };
		DB2960B429A7D7D800852A5F /* 100.json */ = {isa = PBXFileReference; lastKnownFileType = text.json; path = 100.json; sourceTree = "<group>"; };
		DB2960B629A7D84200852A5F /* 200.json */ = {isa = PBXFileReference; lastKnownFileType = text.json; path = 200.json; sourceTree = "<group>"; };
		DB2960B829A7D84B00852A5F /* 300.json */ = {isa = PBXFileReference; lastKnownFileType = text.json; path = 300.json; sourceTree = "<group>"; };
		DB2960BA29A7D85200852A5F /* 400.json */ = {isa = PBXFileReference; lastKnownFileType = text.json; path = 400.json; sourceTree = "<group>"; };
		DB2960BC29A7D85C00852A5F /* 500.json */ = {isa = PBXFileReference; lastKnownFileType = text.json; path = 500.json; sourceTree = "<group>"; };
		DB2960BE29A7D86B00852A5F /* 600.json */ = {isa = PBXFileReference; lastKnownFileType = text.json; path = 600.json; sourceTree = "<group>"; };
		DB2960C429A7D9CD00852A5F /* 800.json */ = {isa = PBXFileReference; lastKnownFileType = text.json; path = 800.json; sourceTree = "<group>"; };
		DB2960C629A7D9D800852A5F /* 900.json */ = {isa = PBXFileReference; lastKnownFileType = text.json; path = 900.json; sourceTree = "<group>"; };
		DB38DDB429A95225000D8796 /* DialogPlacement.swift */ = {isa = PBXFileReference; lastKnownFileType = sourcecode.swift; path = DialogPlacement.swift; sourceTree = "<group>"; };
		DB41B198298AC29E0000EC42 /* StartingPlayerDialog.swift */ = {isa = PBXFileReference; lastKnownFileType = sourcecode.swift; path = StartingPlayerDialog.swift; sourceTree = "<group>"; };
		DB41B19D298AD7480000EC42 /* TwoPlayerBoard.swift */ = {isa = PBXFileReference; lastKnownFileType = sourcecode.swift; path = TwoPlayerBoard.swift; sourceTree = "<group>"; };
		DB41B19F298AD7760000EC42 /* ThreePlayerBoard.swift */ = {isa = PBXFileReference; lastKnownFileType = sourcecode.swift; path = ThreePlayerBoard.swift; sourceTree = "<group>"; };
		DB41B1A1298AD8C60000EC42 /* FourPlayerBoard.swift */ = {isa = PBXFileReference; lastKnownFileType = sourcecode.swift; path = FourPlayerBoard.swift; sourceTree = "<group>"; };
		DB41B1A3298AD9770000EC42 /* FivePlayerBoard.swift */ = {isa = PBXFileReference; lastKnownFileType = sourcecode.swift; path = FivePlayerBoard.swift; sourceTree = "<group>"; };
		DB41B1A5298ADA3C0000EC42 /* SixPlayerBoard.swift */ = {isa = PBXFileReference; lastKnownFileType = sourcecode.swift; path = SixPlayerBoard.swift; sourceTree = "<group>"; };
		DB41B1A8298AF4B00000EC42 /* UIButton.swift */ = {isa = PBXFileReference; lastKnownFileType = sourcecode.swift; path = UIButton.swift; sourceTree = "<group>"; };
		DB41B1AA298BF3970000EC42 /* SplashScreen.swift */ = {isa = PBXFileReference; lastKnownFileType = sourcecode.swift; path = SplashScreen.swift; sourceTree = "<group>"; };
		DB41B1B0298C059D0000EC42 /* README.md */ = {isa = PBXFileReference; lastKnownFileType = net.daringfireball.markdown; path = README.md; sourceTree = "<group>"; };
		DB41B1B1298C07CF0000EC42 /* Dialog.swift */ = {isa = PBXFileReference; lastKnownFileType = sourcecode.swift; path = Dialog.swift; sourceTree = "<group>"; };
		DB41B1B3298C18D00000EC42 /* SettingsDialog.swift */ = {isa = PBXFileReference; lastKnownFileType = sourcecode.swift; path = SettingsDialog.swift; sourceTree = "<group>"; };
		DB69EC81299D1D4D00D4EB3F /* Terms.md */ = {isa = PBXFileReference; lastKnownFileType = net.daringfireball.markdown; path = Terms.md; sourceTree = "<group>"; };
		DB69EC82299D1D9E00D4EB3F /* Privacy.md */ = {isa = PBXFileReference; lastKnownFileType = net.daringfireball.markdown; path = Privacy.md; sourceTree = "<group>"; };
		DB69EC87299D7D6B00D4EB3F /* AppSettings.swift */ = {isa = PBXFileReference; lastKnownFileType = sourcecode.swift; name = AppSettings.swift; path = Spindown/Views/AppSettings.swift; sourceTree = SOURCE_ROOT; };
		DB69EC8929A7087500D4EB3F /* DiceRoll.swift */ = {isa = PBXFileReference; lastKnownFileType = sourcecode.swift; path = DiceRoll.swift; sourceTree = "<group>"; };
		DB69EC8B29A7088300D4EB3F /* Players.swift */ = {isa = PBXFileReference; lastKnownFileType = sourcecode.swift; path = Players.swift; sourceTree = "<group>"; };
		DB8A3251298CB2DF00FB7658 /* ChangeLayout.swift */ = {isa = PBXFileReference; lastKnownFileType = sourcecode.swift; path = ChangeLayout.swift; sourceTree = "<group>"; };
		DB8B8F512986E2CB0023A84B /* Spindown.app */ = {isa = PBXFileReference; explicitFileType = wrapper.application; includeInIndex = 0; path = Spindown.app; sourceTree = BUILT_PRODUCTS_DIR; };
		DB8B8F542986E2CB0023A84B /* SpindownApp.swift */ = {isa = PBXFileReference; lastKnownFileType = sourcecode.swift; path = SpindownApp.swift; sourceTree = "<group>"; };
		DB8B8F562986E2CB0023A84B /* Persistence.swift */ = {isa = PBXFileReference; lastKnownFileType = sourcecode.swift; path = Persistence.swift; sourceTree = "<group>"; };
		DB8B8F592986E2CB0023A84B /* Spindown.xcdatamodel */ = {isa = PBXFileReference; lastKnownFileType = wrapper.xcdatamodel; path = Spindown.xcdatamodel; sourceTree = "<group>"; };
		DB8B8F5B2986E2CB0023A84B /* ContentView.swift */ = {isa = PBXFileReference; lastKnownFileType = sourcecode.swift; path = ContentView.swift; sourceTree = "<group>"; };
		DB8B8F5D2986E2CC0023A84B /* Assets.xcassets */ = {isa = PBXFileReference; lastKnownFileType = folder.assetcatalog; path = Assets.xcassets; sourceTree = "<group>"; };
		DB8B8F5F2986E2CC0023A84B /* Spindown.entitlements */ = {isa = PBXFileReference; lastKnownFileType = text.plist.entitlements; path = Spindown.entitlements; sourceTree = "<group>"; };
		DB8B8F612986E2CC0023A84B /* Preview Assets.xcassets */ = {isa = PBXFileReference; lastKnownFileType = folder.assetcatalog; path = "Preview Assets.xcassets"; sourceTree = "<group>"; };
		DB8B8F68298766BD0023A84B /* GameOverDialog.swift */ = {isa = PBXFileReference; lastKnownFileType = sourcecode.swift; path = GameOverDialog.swift; sourceTree = "<group>"; };
		DB8B8F6A298766DD0023A84B /* GameBoard.swift */ = {isa = PBXFileReference; lastKnownFileType = sourcecode.swift; path = GameBoard.swift; sourceTree = "<group>"; };
		DB8B8F6C298767100023A84B /* PlayerTile.swift */ = {isa = PBXFileReference; lastKnownFileType = sourcecode.swift; path = PlayerTile.swift; sourceTree = "<group>"; };
		DB8B8F6E298767390023A84B /* Participant.swift */ = {isa = PBXFileReference; lastKnownFileType = sourcecode.swift; path = Participant.swift; sourceTree = "<group>"; };
		DB8B8F70298767670023A84B /* StartingLifeTotal.swift */ = {isa = PBXFileReference; lastKnownFileType = sourcecode.swift; path = StartingLifeTotal.swift; sourceTree = "<group>"; };
		DB8B8F72298767890023A84B /* PlayerCount.swift */ = {isa = PBXFileReference; lastKnownFileType = sourcecode.swift; path = PlayerCount.swift; sourceTree = "<group>"; };
		DBB64A3529B281C900438AAE /* OutOfTimeDialog.swift */ = {isa = PBXFileReference; lastKnownFileType = sourcecode.swift; path = OutOfTimeDialog.swift; sourceTree = "<group>"; };
		DBB64A3729B2853B00438AAE /* LaunchScreen.storyboard */ = {isa = PBXFileReference; lastKnownFileType = file.storyboard; path = LaunchScreen.storyboard; sourceTree = "<group>"; };
		DBB64A3929B2866300438AAE /* Timer.swift */ = {isa = PBXFileReference; lastKnownFileType = sourcecode.swift; path = Timer.swift; sourceTree = "<group>"; };
		DBE49FA329AB9260008B0648 /* Spinner.swift */ = {isa = PBXFileReference; lastKnownFileType = sourcecode.swift; path = Spinner.swift; sourceTree = "<group>"; };
		DBE49FA529ACF597008B0648 /* StyledTextField.swift */ = {isa = PBXFileReference; lastKnownFileType = sourcecode.swift; path = StyledTextField.swift; sourceTree = "<group>"; };
		DBE49FA929AD83FC008B0648 /* OnboardingBackButton.swift */ = {isa = PBXFileReference; lastKnownFileType = sourcecode.swift; path = OnboardingBackButton.swift; sourceTree = "<group>"; };
		DBE49FAB29AD847B008B0648 /* UIButtonOutlined.swift */ = {isa = PBXFileReference; lastKnownFileType = sourcecode.swift; path = UIButtonOutlined.swift; sourceTree = "<group>"; };
		DBE49FAD29AD8499008B0648 /* UIButtonStacked.swift */ = {isa = PBXFileReference; lastKnownFileType = sourcecode.swift; path = UIButtonStacked.swift; sourceTree = "<group>"; };
		DBE49FAF29AD84B0008B0648 /* UIButtonTile.swift */ = {isa = PBXFileReference; lastKnownFileType = sourcecode.swift; path = UIButtonTile.swift; sourceTree = "<group>"; };
		DBE49FB529AD8531008B0648 /* FocusField.swift */ = {isa = PBXFileReference; lastKnownFileType = sourcecode.swift; path = FocusField.swift; sourceTree = "<group>"; };
		DBE49FB729AD8565008B0648 /* PlayerCustomizationContext.swift */ = {isa = PBXFileReference; lastKnownFileType = sourcecode.swift; path = PlayerCustomizationContext.swift; sourceTree = "<group>"; };
		DBE49FB929AD8585008B0648 /* PlayerCustomizationDialog.swift */ = {isa = PBXFileReference; lastKnownFileType = sourcecode.swift; path = PlayerCustomizationDialog.swift; sourceTree = "<group>"; };
		DBE49FBB29AD85BD008B0648 /* TileOrientation.swift */ = {isa = PBXFileReference; lastKnownFileType = sourcecode.swift; path = TileOrientation.swift; sourceTree = "<group>"; };
		DBE49FBD29AD85DC008B0648 /* Counter.swift */ = {isa = PBXFileReference; lastKnownFileType = sourcecode.swift; path = Counter.swift; sourceTree = "<group>"; };
		DBE49FBF29AD861F008B0648 /* PlayerTileControls.swift */ = {isa = PBXFileReference; lastKnownFileType = sourcecode.swift; path = PlayerTileControls.swift; sourceTree = "<group>"; };
		DBE49FC129AD87A5008B0648 /* PlayerTileData.swift */ = {isa = PBXFileReference; lastKnownFileType = sourcecode.swift; path = PlayerTileData.swift; sourceTree = "<group>"; };
		DBE49FC329AD8A0D008B0648 /* RuleContext.swift */ = {isa = PBXFileReference; lastKnownFileType = sourcecode.swift; path = RuleContext.swift; sourceTree = "<group>"; };
		DBE49FC529AD8A3E008B0648 /* SearchDialog.swift */ = {isa = PBXFileReference; lastKnownFileType = sourcecode.swift; path = SearchDialog.swift; sourceTree = "<group>"; };
		DBF130682996AAE100B9E19A /* GameTimer.swift */ = {isa = PBXFileReference; lastKnownFileType = sourcecode.swift; path = GameTimer.swift; sourceTree = "<group>"; };
		DBF1306A299BE04100B9E19A /* SubscriptionDialog.swift */ = {isa = PBXFileReference; lastKnownFileType = sourcecode.swift; path = SubscriptionDialog.swift; sourceTree = "<group>"; };
		DBF1306C299BE19100B9E19A /* Store.swift */ = {isa = PBXFileReference; lastKnownFileType = sourcecode.swift; path = Store.swift; sourceTree = "<group>"; };
		DBF1306E299BE1F100B9E19A /* Error.swift */ = {isa = PBXFileReference; lastKnownFileType = sourcecode.swift; path = Error.swift; sourceTree = "<group>"; };
		DBF13070299BECBB00B9E19A /* Subscriptions.storekit */ = {isa = PBXFileReference; lastKnownFileType = text; path = Subscriptions.storekit; sourceTree = "<group>"; };
/* End PBXFileReference section */

/* Begin PBXFrameworksBuildPhase section */
		DB8B8F4E2986E2CB0023A84B /* Frameworks */ = {
			isa = PBXFrameworksBuildPhase;
			buildActionMask = 2147483647;
			files = (
			);
			runOnlyForDeploymentPostprocessing = 0;
		};
/* End PBXFrameworksBuildPhase section */

/* Begin PBXGroup section */
		DB1D3A0C29915CEF00A741DC /* SubViews */ = {
			isa = PBXGroup;
			children = (
				DB8A3251298CB2DF00FB7658 /* ChangeLayout.swift */,
				DBF130682996AAE100B9E19A /* GameTimer.swift */,
				DB69EC8929A7087500D4EB3F /* DiceRoll.swift */,
				DB69EC8B29A7088300D4EB3F /* Players.swift */,
			);
			path = SubViews;
			sourceTree = "<group>";
		};
		DB1F08F3299C29B600A057CC /* Dialogs */ = {
			isa = PBXGroup;
			children = (
				DB8A3250298CB2BC00FB7658 /* SettingsDialog */,
				DB1D3A0D29915F9900A741DC /* LifeTotalCalculatorDialog.swift */,
				DBF1306A299BE04100B9E19A /* SubscriptionDialog.swift */,
				DB41B198298AC29E0000EC42 /* StartingPlayerDialog.swift */,
				DB8B8F68298766BD0023A84B /* GameOverDialog.swift */,
				DBE49FB929AD8585008B0648 /* PlayerCustomizationDialog.swift */,
				DBE49FC529AD8A3E008B0648 /* SearchDialog.swift */,
				DB41B1B1298C07CF0000EC42 /* Dialog.swift */,
				DBB64A3529B281C900438AAE /* OutOfTimeDialog.swift */,
			);
			path = Dialogs;
			sourceTree = "<group>";
		};
		DB2960B329A7D6F000852A5F /* Rules */ = {
			isa = PBXGroup;
			children = (
				DB2960B429A7D7D800852A5F /* 100.json */,
				DB2960B629A7D84200852A5F /* 200.json */,
				DB2960B829A7D84B00852A5F /* 300.json */,
				DB2960BA29A7D85200852A5F /* 400.json */,
				DB2960BC29A7D85C00852A5F /* 500.json */,
				DB2960BE29A7D86B00852A5F /* 600.json */,
				DB22346429A8016A006316CE /* 700.json */,
				DB2960C429A7D9CD00852A5F /* 800.json */,
				DB2960C629A7D9D800852A5F /* 900.json */,
			);
			path = Rules;
			sourceTree = "<group>";
		};
		DB2960C829A7DE5800852A5F /* Controllers */ = {
			isa = PBXGroup;
			children = (
				DB8B8F562986E2CB0023A84B /* Persistence.swift */,
			);
			path = Controllers;
			sourceTree = "<group>";
		};
		DB41B19C298AD7350000EC42 /* GameBoard */ = {
			isa = PBXGroup;
			children = (
				DB41B19D298AD7480000EC42 /* TwoPlayerBoard.swift */,
				DB41B19F298AD7760000EC42 /* ThreePlayerBoard.swift */,
				DB41B1A1298AD8C60000EC42 /* FourPlayerBoard.swift */,
				DB41B1A3298AD9770000EC42 /* FivePlayerBoard.swift */,
				DB41B1A5298ADA3C0000EC42 /* SixPlayerBoard.swift */,
				DB8B8F6A298766DD0023A84B /* GameBoard.swift */,
			);
			path = GameBoard;
			sourceTree = "<group>";
		};
		DB41B1A7298AF4A30000EC42 /* Components */ = {
			isa = PBXGroup;
			children = (
				DBE49FB129AD84D9008B0648 /* Forms */,
				DBE49FA829AD83F0008B0648 /* Buttons */,
				DB1F08F3299C29B600A057CC /* Dialogs */,
				DB8B8F6C298767100023A84B /* PlayerTile.swift */,
				DBE49FBF29AD861F008B0648 /* PlayerTileControls.swift */,
				DBE49FC129AD87A5008B0648 /* PlayerTileData.swift */,
				DB1D3A062991566400A741DC /* PlayerList.swift */,
				DBE49FA329AB9260008B0648 /* Spinner.swift */,
				DBE49FC329AD8A0D008B0648 /* RuleContext.swift */,
			);
			path = Components;
			sourceTree = "<group>";
		};
		DB41B1AC298C01810000EC42 /* Models */ = {
			isa = PBXGroup;
			children = (
				DBF1306C299BE19100B9E19A /* Store.swift */,
				DB8B8F6E298767390023A84B /* Participant.swift */,
				DBF1306E299BE1F100B9E19A /* Error.swift */,
				DB22346629A8024A006316CE /* Rule.swift */,
				DBB64A3929B2866300438AAE /* Timer.swift */,
			);
			path = Models;
			sourceTree = "<group>";
		};
		DB41B1AD298C018C0000EC42 /* Views */ = {
			isa = PBXGroup;
			children = (
				DB41B19C298AD7350000EC42 /* GameBoard */,
				DBE49FA729AD81CA008B0648 /* Onboarding */,
				DB8B8F5B2986E2CB0023A84B /* ContentView.swift */,
				DB69EC87299D7D6B00D4EB3F /* AppSettings.swift */,
				DB1D39FB298D60D400A741DC /* RulesSheet.swift */,
			);
			path = Views;
			sourceTree = "<group>";
		};
		DB8A3250298CB2BC00FB7658 /* SettingsDialog */ = {
			isa = PBXGroup;
			children = (
				DB1D3A0C29915CEF00A741DC /* SubViews */,
				DB41B1B3298C18D00000EC42 /* SettingsDialog.swift */,
			);
			path = SettingsDialog;
			sourceTree = "<group>";
		};
		DB8B8F482986E2CB0023A84B = {
			isa = PBXGroup;
			children = (
				DB41B1B0298C059D0000EC42 /* README.md */,
				DB8B8F532986E2CB0023A84B /* Spindown */,
				DB8B8F522986E2CB0023A84B /* Products */,
			);
			sourceTree = "<group>";
		};
		DB8B8F522986E2CB0023A84B /* Products */ = {
			isa = PBXGroup;
			children = (
				DB8B8F512986E2CB0023A84B /* Spindown.app */,
			);
			name = Products;
			sourceTree = "<group>";
		};
		DB8B8F532986E2CB0023A84B /* Spindown */ = {
			isa = PBXGroup;
			children = (
				DBE49FB229AD84FB008B0648 /* Contstants */,
				DB41B1AD298C018C0000EC42 /* Views */,
				DB41B1AC298C01810000EC42 /* Models */,
				DB2960C829A7DE5800852A5F /* Controllers */,
				DB41B1A7298AF4A30000EC42 /* Components */,
				DB8B8F542986E2CB0023A84B /* SpindownApp.swift */,
				DB8B8F5D2986E2CC0023A84B /* Assets.xcassets */,
				DB8B8F5F2986E2CC0023A84B /* Spindown.entitlements */,
				DBB64A3729B2853B00438AAE /* LaunchScreen.storyboard */,
				DB8B8F582986E2CB0023A84B /* Spindown.xcdatamodeld */,
				DBF13070299BECBB00B9E19A /* Subscriptions.storekit */,
				DB69EC81299D1D4D00D4EB3F /* Terms.md */,
				DB69EC82299D1D9E00D4EB3F /* Privacy.md */,
				DB1F08F0299C1C6100A057CC /* Info.plist */,
				DB8B8F602986E2CC0023A84B /* Preview Content */,
			);
			path = Spindown;
			sourceTree = "<group>";
		};
		DB8B8F602986E2CC0023A84B /* Preview Content */ = {
			isa = PBXGroup;
			children = (
				DB8B8F612986E2CC0023A84B /* Preview Assets.xcassets */,
			);
			path = "Preview Content";
			sourceTree = "<group>";
		};
		DBE49FA729AD81CA008B0648 /* Onboarding */ = {
			isa = PBXGroup;
			children = (
				DB41B1AA298BF3970000EC42 /* SplashScreen.swift */,
				DB8B8F70298767670023A84B /* StartingLifeTotal.swift */,
				DB8B8F72298767890023A84B /* PlayerCount.swift */,
				DB1D3A082991572300A741DC /* SavedPlayers.swift */,
			);
			path = Onboarding;
			sourceTree = "<group>";
		};
		DBE49FA829AD83F0008B0648 /* Buttons */ = {
			isa = PBXGroup;
			children = (
				DBE49FA929AD83FC008B0648 /* OnboardingBackButton.swift */,
				DBE49FAB29AD847B008B0648 /* UIButtonOutlined.swift */,
				DBE49FAD29AD8499008B0648 /* UIButtonStacked.swift */,
				DBE49FAF29AD84B0008B0648 /* UIButtonTile.swift */,
				DB41B1A8298AF4B00000EC42 /* UIButton.swift */,
			);
			path = Buttons;
			sourceTree = "<group>";
		};
		DBE49FB129AD84D9008B0648 /* Forms */ = {
			isa = PBXGroup;
			children = (
				DBE49FA529ACF597008B0648 /* StyledTextField.swift */,
				DBE49FB729AD8565008B0648 /* PlayerCustomizationContext.swift */,
			);
			path = Forms;
			sourceTree = "<group>";
		};
		DBE49FB229AD84FB008B0648 /* Contstants */ = {
			isa = PBXGroup;
			children = (
				DB2960B329A7D6F000852A5F /* Rules */,
				DBE49FB529AD8531008B0648 /* FocusField.swift */,
				DB38DDB429A95225000D8796 /* DialogPlacement.swift */,
				DBE49FBB29AD85BD008B0648 /* TileOrientation.swift */,
				DBE49FBD29AD85DC008B0648 /* Counter.swift */,
			);
			path = Contstants;
			sourceTree = "<group>";
		};
/* End PBXGroup section */

/* Begin PBXNativeTarget section */
		DB8B8F502986E2CB0023A84B /* Spindown */ = {
			isa = PBXNativeTarget;
			buildConfigurationList = DB8B8F652986E2CC0023A84B /* Build configuration list for PBXNativeTarget "Spindown" */;
			buildPhases = (
				DB8B8F4D2986E2CB0023A84B /* Sources */,
				DB8B8F4E2986E2CB0023A84B /* Frameworks */,
				DB8B8F4F2986E2CB0023A84B /* Resources */,
			);
			buildRules = (
			);
			dependencies = (
			);
			name = Spindown;
			packageProductDependencies = (
			);
			productName = Spindown;
			productReference = DB8B8F512986E2CB0023A84B /* Spindown.app */;
			productType = "com.apple.product-type.application";
		};
/* End PBXNativeTarget section */

/* Begin PBXProject section */
		DB8B8F492986E2CB0023A84B /* Project object */ = {
			isa = PBXProject;
			attributes = {
				BuildIndependentTargetsInParallel = 1;
				LastSwiftUpdateCheck = 1420;
				LastUpgradeCheck = 1420;
				TargetAttributes = {
					DB8B8F502986E2CB0023A84B = {
						CreatedOnToolsVersion = 14.2;
					};
				};
			};
			buildConfigurationList = DB8B8F4C2986E2CB0023A84B /* Build configuration list for PBXProject "Spindown" */;
			compatibilityVersion = "Xcode 14.0";
			developmentRegion = en;
			hasScannedForEncodings = 0;
			knownRegions = (
				en,
				Base,
			);
			mainGroup = DB8B8F482986E2CB0023A84B;
			packageReferences = (
			);
			productRefGroup = DB8B8F522986E2CB0023A84B /* Products */;
			projectDirPath = "";
			projectRoot = "";
			targets = (
				DB8B8F502986E2CB0023A84B /* Spindown */,
			);
		};
/* End PBXProject section */

/* Begin PBXResourcesBuildPhase section */
		DB8B8F4F2986E2CB0023A84B /* Resources */ = {
			isa = PBXResourcesBuildPhase;
			buildActionMask = 2147483647;
			files = (
				DB38DDB329A92BD5000D8796 /* Privacy.md in Resources */,
				DB38DDB229A92BCC000D8796 /* Terms.md in Resources */,
				DB2960C529A7D9CD00852A5F /* 800.json in Resources */,
				DB2960BD29A7D85C00852A5F /* 500.json in Resources */,
				DB2960BF29A7D86B00852A5F /* 600.json in Resources */,
				DB2960B529A7D7D800852A5F /* 100.json in Resources */,
				DB2960C729A7D9D800852A5F /* 900.json in Resources */,
				DB22346529A8016A006316CE /* 700.json in Resources */,
				DB2960B729A7D84200852A5F /* 200.json in Resources */,
				DB8B8F622986E2CC0023A84B /* Preview Assets.xcassets in Resources */,
				DB2960BB29A7D85200852A5F /* 400.json in Resources */,
				DBB64A3829B2853B00438AAE /* LaunchScreen.storyboard in Resources */,
				DB2960B929A7D84B00852A5F /* 300.json in Resources */,
				DB8B8F5E2986E2CC0023A84B /* Assets.xcassets in Resources */,
			);
			runOnlyForDeploymentPostprocessing = 0;
		};
/* End PBXResourcesBuildPhase section */

/* Begin PBXSourcesBuildPhase section */
		DB8B8F4D2986E2CB0023A84B /* Sources */ = {
			isa = PBXSourcesBuildPhase;
			buildActionMask = 2147483647;
			files = (
				DB41B1B4298C18D00000EC42 /* SettingsDialog.swift in Sources */,
				DBF1306B299BE04100B9E19A /* SubscriptionDialog.swift in Sources */,
				DB41B1B2298C07CF0000EC42 /* Dialog.swift in Sources */,
				DB8B8F69298766BD0023A84B /* GameOverDialog.swift in Sources */,
				DB8A3252298CB2DF00FB7658 /* ChangeLayout.swift in Sources */,
				DB1D3A072991566400A741DC /* PlayerList.swift in Sources */,
				DB22346729A8024A006316CE /* Rule.swift in Sources */,
				DB1D3A092991572300A741DC /* SavedPlayers.swift in Sources */,
				DBE49FB829AD8565008B0648 /* PlayerCustomizationContext.swift in Sources */,
				DBF1306D299BE19100B9E19A /* Store.swift in Sources */,
				DB41B1A2298AD8C60000EC42 /* FourPlayerBoard.swift in Sources */,
				DB41B199298AC29E0000EC42 /* StartingPlayerDialog.swift in Sources */,
				DBE49FC229AD87A5008B0648 /* PlayerTileData.swift in Sources */,
				DBE49FC029AD861F008B0648 /* PlayerTileControls.swift in Sources */,
				DB1D39FC298D60D400A741DC /* RulesSheet.swift in Sources */,
				DB41B19E298AD7480000EC42 /* TwoPlayerBoard.swift in Sources */,
				DB8B8F71298767670023A84B /* StartingLifeTotal.swift in Sources */,
				DB41B1A9298AF4B00000EC42 /* UIButton.swift in Sources */,
				DB41B1A0298AD7760000EC42 /* ThreePlayerBoard.swift in Sources */,
				DB69EC8C29A7088300D4EB3F /* Players.swift in Sources */,
				DB41B1A6298ADA3C0000EC42 /* SixPlayerBoard.swift in Sources */,
				DBE49FBE29AD85DC008B0648 /* Counter.swift in Sources */,
				DBE49FA429AB9260008B0648 /* Spinner.swift in Sources */,
				DB8B8F552986E2CB0023A84B /* SpindownApp.swift in Sources */,
				DB8B8F73298767890023A84B /* PlayerCount.swift in Sources */,
				DBE49FC429AD8A0D008B0648 /* RuleContext.swift in Sources */,
				DBB64A3629B281C900438AAE /* OutOfTimeDialog.swift in Sources */,
				DBE49FA629ACF597008B0648 /* StyledTextField.swift in Sources */,
				DB41B1A4298AD9770000EC42 /* FivePlayerBoard.swift in Sources */,
				DBF130692996AAE100B9E19A /* GameTimer.swift in Sources */,
				DBE49FAE29AD8499008B0648 /* UIButtonStacked.swift in Sources */,
				DB1D3A0E29915F9900A741DC /* LifeTotalCalculatorDialog.swift in Sources */,
				DBF1306F299BE1F100B9E19A /* Error.swift in Sources */,
				DBB64A3A29B2866300438AAE /* Timer.swift in Sources */,
				DBE49FB029AD84B0008B0648 /* UIButtonTile.swift in Sources */,
				DBE49FC629AD8A3E008B0648 /* SearchDialog.swift in Sources */,
				DB8B8F6D298767100023A84B /* PlayerTile.swift in Sources */,
				DBE49FBC29AD85BD008B0648 /* TileOrientation.swift in Sources */,
				DB69EC8A29A7087500D4EB3F /* DiceRoll.swift in Sources */,
				DB8B8F6F298767390023A84B /* Participant.swift in Sources */,
				DB8B8F5A2986E2CB0023A84B /* Spindown.xcdatamodeld in Sources */,
				DB8B8F5C2986E2CB0023A84B /* ContentView.swift in Sources */,
				DB69EC88299D7D6B00D4EB3F /* AppSettings.swift in Sources */,
				DBE49FAC29AD847B008B0648 /* UIButtonOutlined.swift in Sources */,
				DBE49FAA29AD83FC008B0648 /* OnboardingBackButton.swift in Sources */,
				DBE49FB629AD8531008B0648 /* FocusField.swift in Sources */,
				DB38DDB529A95225000D8796 /* DialogPlacement.swift in Sources */,
				DBE49FBA29AD8585008B0648 /* PlayerCustomizationDialog.swift in Sources */,
				DB41B1AB298BF3970000EC42 /* SplashScreen.swift in Sources */,
				DB8B8F6B298766DD0023A84B /* GameBoard.swift in Sources */,
				DB8B8F572986E2CB0023A84B /* Persistence.swift in Sources */,
			);
			runOnlyForDeploymentPostprocessing = 0;
		};
/* End PBXSourcesBuildPhase section */

/* Begin XCBuildConfiguration section */
		DB8B8F632986E2CC0023A84B /* Debug */ = {
			isa = XCBuildConfiguration;
			buildSettings = {
				ALWAYS_SEARCH_USER_PATHS = NO;
				CLANG_ANALYZER_NONNULL = YES;
				CLANG_ANALYZER_NUMBER_OBJECT_CONVERSION = YES_AGGRESSIVE;
				CLANG_CXX_LANGUAGE_STANDARD = "gnu++20";
				CLANG_ENABLE_MODULES = YES;
				CLANG_ENABLE_OBJC_ARC = YES;
				CLANG_ENABLE_OBJC_WEAK = YES;
				CLANG_WARN_BLOCK_CAPTURE_AUTORELEASING = YES;
				CLANG_WARN_BOOL_CONVERSION = YES;
				CLANG_WARN_COMMA = YES;
				CLANG_WARN_CONSTANT_CONVERSION = YES;
				CLANG_WARN_DEPRECATED_OBJC_IMPLEMENTATIONS = YES;
				CLANG_WARN_DIRECT_OBJC_ISA_USAGE = YES_ERROR;
				CLANG_WARN_DOCUMENTATION_COMMENTS = YES;
				CLANG_WARN_EMPTY_BODY = YES;
				CLANG_WARN_ENUM_CONVERSION = YES;
				CLANG_WARN_INFINITE_RECURSION = YES;
				CLANG_WARN_INT_CONVERSION = YES;
				CLANG_WARN_NON_LITERAL_NULL_CONVERSION = YES;
				CLANG_WARN_OBJC_IMPLICIT_RETAIN_SELF = YES;
				CLANG_WARN_OBJC_LITERAL_CONVERSION = YES;
				CLANG_WARN_OBJC_ROOT_CLASS = YES_ERROR;
				CLANG_WARN_QUOTED_INCLUDE_IN_FRAMEWORK_HEADER = YES;
				CLANG_WARN_RANGE_LOOP_ANALYSIS = YES;
				CLANG_WARN_STRICT_PROTOTYPES = YES;
				CLANG_WARN_SUSPICIOUS_MOVE = YES;
				CLANG_WARN_UNGUARDED_AVAILABILITY = YES_AGGRESSIVE;
				CLANG_WARN_UNREACHABLE_CODE = YES;
				CLANG_WARN__DUPLICATE_METHOD_MATCH = YES;
				COPY_PHASE_STRIP = NO;
				DEBUG_INFORMATION_FORMAT = dwarf;
				ENABLE_STRICT_OBJC_MSGSEND = YES;
				ENABLE_TESTABILITY = YES;
				GCC_C_LANGUAGE_STANDARD = gnu11;
				GCC_DYNAMIC_NO_PIC = NO;
				GCC_NO_COMMON_BLOCKS = YES;
				GCC_OPTIMIZATION_LEVEL = 0;
				GCC_PREPROCESSOR_DEFINITIONS = (
					"DEBUG=1",
					"$(inherited)",
				);
				GCC_WARN_64_TO_32_BIT_CONVERSION = YES;
				GCC_WARN_ABOUT_RETURN_TYPE = YES_ERROR;
				GCC_WARN_UNDECLARED_SELECTOR = YES;
				GCC_WARN_UNINITIALIZED_AUTOS = YES_AGGRESSIVE;
				GCC_WARN_UNUSED_FUNCTION = YES;
				GCC_WARN_UNUSED_VARIABLE = YES;
				INFOPLIST_KEY_CFBundleDisplayName = Spindown;
				INFOPLIST_KEY_NSDocumentsFolderUsageDescription = "";
				IPHONEOS_DEPLOYMENT_TARGET = 16.0;
				MTL_ENABLE_DEBUG_INFO = INCLUDE_SOURCE;
				MTL_FAST_MATH = YES;
				ONLY_ACTIVE_ARCH = YES;
				SWIFT_ACTIVE_COMPILATION_CONDITIONS = DEBUG;
				SWIFT_OPTIMIZATION_LEVEL = "-Onone";
			};
			name = Debug;
		};
		DB8B8F642986E2CC0023A84B /* Release */ = {
			isa = XCBuildConfiguration;
			buildSettings = {
				ALWAYS_SEARCH_USER_PATHS = NO;
				CLANG_ANALYZER_NONNULL = YES;
				CLANG_ANALYZER_NUMBER_OBJECT_CONVERSION = YES_AGGRESSIVE;
				CLANG_CXX_LANGUAGE_STANDARD = "gnu++20";
				CLANG_ENABLE_MODULES = YES;
				CLANG_ENABLE_OBJC_ARC = YES;
				CLANG_ENABLE_OBJC_WEAK = YES;
				CLANG_WARN_BLOCK_CAPTURE_AUTORELEASING = YES;
				CLANG_WARN_BOOL_CONVERSION = YES;
				CLANG_WARN_COMMA = YES;
				CLANG_WARN_CONSTANT_CONVERSION = YES;
				CLANG_WARN_DEPRECATED_OBJC_IMPLEMENTATIONS = YES;
				CLANG_WARN_DIRECT_OBJC_ISA_USAGE = YES_ERROR;
				CLANG_WARN_DOCUMENTATION_COMMENTS = YES;
				CLANG_WARN_EMPTY_BODY = YES;
				CLANG_WARN_ENUM_CONVERSION = YES;
				CLANG_WARN_INFINITE_RECURSION = YES;
				CLANG_WARN_INT_CONVERSION = YES;
				CLANG_WARN_NON_LITERAL_NULL_CONVERSION = YES;
				CLANG_WARN_OBJC_IMPLICIT_RETAIN_SELF = YES;
				CLANG_WARN_OBJC_LITERAL_CONVERSION = YES;
				CLANG_WARN_OBJC_ROOT_CLASS = YES_ERROR;
				CLANG_WARN_QUOTED_INCLUDE_IN_FRAMEWORK_HEADER = YES;
				CLANG_WARN_RANGE_LOOP_ANALYSIS = YES;
				CLANG_WARN_STRICT_PROTOTYPES = YES;
				CLANG_WARN_SUSPICIOUS_MOVE = YES;
				CLANG_WARN_UNGUARDED_AVAILABILITY = YES_AGGRESSIVE;
				CLANG_WARN_UNREACHABLE_CODE = YES;
				CLANG_WARN__DUPLICATE_METHOD_MATCH = YES;
				COPY_PHASE_STRIP = NO;
				DEBUG_INFORMATION_FORMAT = "dwarf-with-dsym";
				ENABLE_NS_ASSERTIONS = NO;
				ENABLE_STRICT_OBJC_MSGSEND = YES;
				GCC_C_LANGUAGE_STANDARD = gnu11;
				GCC_NO_COMMON_BLOCKS = YES;
				GCC_WARN_64_TO_32_BIT_CONVERSION = YES;
				GCC_WARN_ABOUT_RETURN_TYPE = YES_ERROR;
				GCC_WARN_UNDECLARED_SELECTOR = YES;
				GCC_WARN_UNINITIALIZED_AUTOS = YES_AGGRESSIVE;
				GCC_WARN_UNUSED_FUNCTION = YES;
				GCC_WARN_UNUSED_VARIABLE = YES;
				INFOPLIST_KEY_CFBundleDisplayName = Spindown;
				INFOPLIST_KEY_NSDocumentsFolderUsageDescription = "";
				IPHONEOS_DEPLOYMENT_TARGET = 16.0;
				MTL_ENABLE_DEBUG_INFO = NO;
				MTL_FAST_MATH = YES;
				SWIFT_COMPILATION_MODE = wholemodule;
				SWIFT_OPTIMIZATION_LEVEL = "-O";
			};
			name = Release;
		};
		DB8B8F662986E2CC0023A84B /* Debug */ = {
			isa = XCBuildConfiguration;
			buildSettings = {
				ASSETCATALOG_COMPILER_APPICON_NAME = AppIcon;
				ASSETCATALOG_COMPILER_GLOBAL_ACCENT_COLOR_NAME = AccentColor;
				CODE_SIGN_ENTITLEMENTS = Spindown/Spindown.entitlements;
				CODE_SIGN_STYLE = Automatic;
				CURRENT_PROJECT_VERSION = 3;
				DEVELOPMENT_ASSET_PATHS = "\"Spindown/Preview Content\"";
				DEVELOPMENT_TEAM = 78FCYG6ZD9;
				ENABLE_HARDENED_RUNTIME = YES;
				ENABLE_PREVIEWS = YES;
				GENERATE_INFOPLIST_FILE = YES;
				INFOPLIST_FILE = Spindown/Info.plist;
				INFOPLIST_KEY_CFBundleDisplayName = Spindown;
				INFOPLIST_KEY_LSApplicationCategoryType = "public.app-category.board-games";
				INFOPLIST_KEY_NSDocumentsFolderUsageDescription = "";
				"INFOPLIST_KEY_UIApplicationSceneManifest_Generation[sdk=iphoneos*]" = YES;
				"INFOPLIST_KEY_UIApplicationSceneManifest_Generation[sdk=iphonesimulator*]" = YES;
				"INFOPLIST_KEY_UIApplicationSupportsIndirectInputEvents[sdk=iphoneos*]" = YES;
				"INFOPLIST_KEY_UIApplicationSupportsIndirectInputEvents[sdk=iphonesimulator*]" = YES;
				"INFOPLIST_KEY_UILaunchScreen_Generation[sdk=iphoneos*]" = YES;
				"INFOPLIST_KEY_UILaunchScreen_Generation[sdk=iphonesimulator*]" = YES;
				INFOPLIST_KEY_UILaunchStoryboardName = LaunchScreen.storyboard;
				"INFOPLIST_KEY_UIStatusBarStyle[sdk=iphoneos*]" = UIStatusBarStyleDefault;
				"INFOPLIST_KEY_UIStatusBarStyle[sdk=iphonesimulator*]" = UIStatusBarStyleDefault;
				INFOPLIST_KEY_UISupportedInterfaceOrientations = "UIInterfaceOrientationLandscapeLeft UIInterfaceOrientationLandscapeRight UIInterfaceOrientationPortrait UIInterfaceOrientationPortraitUpsideDown";
				IPHONEOS_DEPLOYMENT_TARGET = 16.0;
				LD_RUNPATH_SEARCH_PATHS = "@executable_path/Frameworks";
				"LD_RUNPATH_SEARCH_PATHS[sdk=macosx*]" = "@executable_path/../Frameworks";
				MACOSX_DEPLOYMENT_TARGET = 13.1;
				MARKETING_VERSION = 1.0;
				PRODUCT_BUNDLE_IDENTIFIER = "Haptic-Software-LLC.Spindown";
				PRODUCT_NAME = "$(TARGET_NAME)";
				SDKROOT = auto;
				SUPPORTED_PLATFORMS = "iphoneos iphonesimulator";
				SUPPORTS_MACCATALYST = NO;
				SUPPORTS_MAC_DESIGNED_FOR_IPHONE_IPAD = NO;
				SWIFT_EMIT_LOC_STRINGS = YES;
				SWIFT_VERSION = 5.0;
				TARGETED_DEVICE_FAMILY = "1,2";
			};
			name = Debug;
		};
		DB8B8F672986E2CC0023A84B /* Release */ = {
			isa = XCBuildConfiguration;
			buildSettings = {
				ASSETCATALOG_COMPILER_APPICON_NAME = AppIcon;
				ASSETCATALOG_COMPILER_GLOBAL_ACCENT_COLOR_NAME = AccentColor;
				CODE_SIGN_ENTITLEMENTS = Spindown/Spindown.entitlements;
				CODE_SIGN_STYLE = Automatic;
				CURRENT_PROJECT_VERSION = 3;
				DEVELOPMENT_ASSET_PATHS = "\"Spindown/Preview Content\"";
				DEVELOPMENT_TEAM = 78FCYG6ZD9;
				ENABLE_HARDENED_RUNTIME = YES;
				ENABLE_PREVIEWS = YES;
				GENERATE_INFOPLIST_FILE = YES;
				INFOPLIST_FILE = Spindown/Info.plist;
				INFOPLIST_KEY_CFBundleDisplayName = Spindown;
				INFOPLIST_KEY_LSApplicationCategoryType = "public.app-category.board-games";
				INFOPLIST_KEY_NSDocumentsFolderUsageDescription = "";
				"INFOPLIST_KEY_UIApplicationSceneManifest_Generation[sdk=iphoneos*]" = YES;
				"INFOPLIST_KEY_UIApplicationSceneManifest_Generation[sdk=iphonesimulator*]" = YES;
				"INFOPLIST_KEY_UIApplicationSupportsIndirectInputEvents[sdk=iphoneos*]" = YES;
				"INFOPLIST_KEY_UIApplicationSupportsIndirectInputEvents[sdk=iphonesimulator*]" = YES;
				"INFOPLIST_KEY_UILaunchScreen_Generation[sdk=iphoneos*]" = YES;
				"INFOPLIST_KEY_UILaunchScreen_Generation[sdk=iphonesimulator*]" = YES;
				INFOPLIST_KEY_UILaunchStoryboardName = LaunchScreen.storyboard;
				"INFOPLIST_KEY_UIStatusBarStyle[sdk=iphoneos*]" = UIStatusBarStyleDefault;
				"INFOPLIST_KEY_UIStatusBarStyle[sdk=iphonesimulator*]" = UIStatusBarStyleDefault;
				INFOPLIST_KEY_UISupportedInterfaceOrientations = "UIInterfaceOrientationLandscapeLeft UIInterfaceOrientationLandscapeRight UIInterfaceOrientationPortrait UIInterfaceOrientationPortraitUpsideDown";
				IPHONEOS_DEPLOYMENT_TARGET = 16.0;
				LD_RUNPATH_SEARCH_PATHS = "@executable_path/Frameworks";
				"LD_RUNPATH_SEARCH_PATHS[sdk=macosx*]" = "@executable_path/../Frameworks";
				MACOSX_DEPLOYMENT_TARGET = 13.1;
				MARKETING_VERSION = 1.0;
				PRODUCT_BUNDLE_IDENTIFIER = "Haptic-Software-LLC.Spindown";
				PRODUCT_NAME = "$(TARGET_NAME)";
				SDKROOT = auto;
				SUPPORTED_PLATFORMS = "iphoneos iphonesimulator";
				SUPPORTS_MACCATALYST = NO;
				SUPPORTS_MAC_DESIGNED_FOR_IPHONE_IPAD = NO;
				SWIFT_EMIT_LOC_STRINGS = YES;
				SWIFT_VERSION = 5.0;
				TARGETED_DEVICE_FAMILY = "1,2";
			};
			name = Release;
		};
/* End XCBuildConfiguration section */

/* Begin XCConfigurationList section */
		DB8B8F4C2986E2CB0023A84B /* Build configuration list for PBXProject "Spindown" */ = {
			isa = XCConfigurationList;
			buildConfigurations = (
				DB8B8F632986E2CC0023A84B /* Debug */,
				DB8B8F642986E2CC0023A84B /* Release */,
			);
			defaultConfigurationIsVisible = 0;
			defaultConfigurationName = Release;
		};
		DB8B8F652986E2CC0023A84B /* Build configuration list for PBXNativeTarget "Spindown" */ = {
			isa = XCConfigurationList;
			buildConfigurations = (
				DB8B8F662986E2CC0023A84B /* Debug */,
				DB8B8F672986E2CC0023A84B /* Release */,
			);
			defaultConfigurationIsVisible = 0;
			defaultConfigurationName = Release;
		};
/* End XCConfigurationList section */

/* Begin XCVersionGroup section */
		DB8B8F582986E2CB0023A84B /* Spindown.xcdatamodeld */ = {
			isa = XCVersionGroup;
			children = (
				DB8B8F592986E2CB0023A84B /* Spindown.xcdatamodel */,
			);
			currentVersion = DB8B8F592986E2CB0023A84B /* Spindown.xcdatamodel */;
			path = Spindown.xcdatamodeld;
			sourceTree = "<group>";
			versionGroupType = wrapper.xcdatamodel;
		};
/* End XCVersionGroup section */
	};
	rootObject = DB8B8F492986E2CB0023A84B /* Project object */;
}
